
Microsoft Visual Studio Solution File, Format Version 11.00
# Visual Studio 2010
Project("{FAE04EC0-301F-11D3-BF4B-00C04F79EFBC}") = "Spring.AutoRegistration", "Spring.AutoRegistration\Spring.AutoRegistration.csproj", "{E24F2096-01D4-4BE5-83F4-DBEA1A32115E}"
EndProject
Project("{FAE04EC0-301F-11D3-BF4B-00C04F79EFBC}") = "Spring.AutoRegistration.Test", "Spring.AutoRegistration.Test\Spring.AutoRegistration.Test.csproj", "{EC17E442-6AFB-494B-AE4A-2A5BD6BA9FAD}"
EndProject
Global
	GlobalSection(SolutionConfigurationPlatforms) = preSolution
		Debug|Any CPU = Debug|Any CPU
		Release|Any CPU = Release|Any CPU
	EndGlobalSection
	GlobalSection(ProjectConfigurationPlatforms) = postSolution
		{E24F2096-01D4-4BE5-83F4-DBEA1A32115E}.Debug|Any CPU.ActiveCfg = Debug|Any CPU
		{E24F2096-01D4-4BE5-83F4-DBEA1A32115E}.Debug|Any CPU.Build.0 = Debug|Any CPU
		{E24F2096-01D4-4BE5-83F4-DBEA1A32115E}.Release|Any CPU.ActiveCfg = Release|Any CPU
		{E24F2096-01D4-4BE5-83F4-DBEA1A32115E}.Release|Any CPU.Build.0 = Release|Any CPU
		{EC17E442-6AFB-494B-AE4A-2A5BD6BA9FAD}.Debug|Any CPU.ActiveCfg = Debug|Any CPU
		{EC17E442-6AFB-494B-AE4A-2A5BD6BA9FAD}.Debug|Any CPU.Build.0 = Debug|Any CPU
		{EC17E442-6AFB-494B-AE4A-2A5BD6BA9FAD}.Release|Any CPU.ActiveCfg = Release|Any CPU
		{EC17E442-6AFB-494B-AE4A-2A5BD6BA9FAD}.Release|Any CPU.Build.0 = Release|Any CPU
	EndGlobalSection
	GlobalSection(SolutionProperties) = preSolution
		HideSolutionNode = FALSE
	EndGlobalSection
EndGlobal
